// !$*UTF8*$!
{
	archiveVersion = 1;
	classes = {
	};
	objectVersion = 77;
	objects = {

/* Begin PBXBuildFile section */
		2699D1FA2CDFF40A005E32B1 /* Preview Assets.xcassets in Resources */ = {isa = PBXBuildFile; fileRef = 2699D1F42CDFF40A005E32B1 /* Preview Assets.xcassets */; };
		2699D1FB2CDFF40A005E32B1 /* Assets.xcassets in Resources */ = {isa = PBXBuildFile; fileRef = 2699D1F62CDFF40A005E32B1 /* Assets.xcassets */; };
		2699D1FC2CDFF40A005E32B1 /* MainView.swift in Sources */ = {isa = PBXBuildFile; fileRef = 2699D1F72CDFF40A005E32B1 /* MainView.swift */; };
		2699D1FD2CDFF40A005E32B1 /* SwiftUI_PhotosAPI_MVVM_Protocols_Network_InterchangeApp.swift in Sources */ = {isa = PBXBuildFile; fileRef = 2699D1F82CDFF40A005E32B1 /* SwiftUI_PhotosAPI_MVVM_Protocols_Network_InterchangeApp.swift */; };
		2699D2032CDFF4DE005E32B1 /* Photos.swift in Sources */ = {isa = PBXBuildFile; fileRef = 2699D2022CDFF4DE005E32B1 /* Photos.swift */; };
		2699D2062CDFF575005E32B1 /* Webservice.swift in Sources */ = {isa = PBXBuildFile; fileRef = 2699D2052CDFF575005E32B1 /* Webservice.swift */; };
		2699D2082CDFF781005E32B1 /* Constants.swift in Sources */ = {isa = PBXBuildFile; fileRef = 2699D2072CDFF781005E32B1 /* Constants.swift */; };
		2699D20A2CDFF844005E32B1 /* PhotosViewModel.swift in Sources */ = {isa = PBXBuildFile; fileRef = 2699D2092CDFF844005E32B1 /* PhotosViewModel.swift */; };
		2699D20C2CDFFE13005E32B1 /* photos.json in Resources */ = {isa = PBXBuildFile; fileRef = 2699D20B2CDFFE13005E32B1 /* photos.json */; };
		2699D20E2CDFFE5D005E32B1 /* Localservice.swift in Sources */ = {isa = PBXBuildFile; fileRef = 2699D20D2CDFFE5D005E32B1 /* Localservice.swift */; };
		2699D2102CDFFF2C005E32B1 /* NetworkService.swift in Sources */ = {isa = PBXBuildFile; fileRef = 2699D20F2CDFFF2C005E32B1 /* NetworkService.swift */; };
/* End PBXBuildFile section */

/* Begin PBXFileReference section */
		2699D1E32CDFF3F6005E32B1 /* SwiftUI_PhotosAPI_MVVM_Protocols_Network Interchange.app */ = {isa = PBXFileReference; explicitFileType = wrapper.application; includeInIndex = 0; path = "SwiftUI_PhotosAPI_MVVM_Protocols_Network Interchange.app"; sourceTree = BUILT_PRODUCTS_DIR; };
		2699D1F42CDFF40A005E32B1 /* Preview Assets.xcassets */ = {isa = PBXFileReference; lastKnownFileType = folder.assetcatalog; path = "Preview Assets.xcassets"; sourceTree = "<group>"; };
		2699D1F62CDFF40A005E32B1 /* Assets.xcassets */ = {isa = PBXFileReference; lastKnownFileType = folder.assetcatalog; path = Assets.xcassets; sourceTree = "<group>"; };
		2699D1F72CDFF40A005E32B1 /* MainView.swift */ = {isa = PBXFileReference; lastKnownFileType = sourcecode.swift; path = MainView.swift; sourceTree = "<group>"; };
		2699D1F82CDFF40A005E32B1 /* SwiftUI_PhotosAPI_MVVM_Protocols_Network_InterchangeApp.swift */ = {isa = PBXFileReference; lastKnownFileType = sourcecode.swift; path = SwiftUI_PhotosAPI_MVVM_Protocols_Network_InterchangeApp.swift; sourceTree = "<group>"; };
		2699D2022CDFF4DE005E32B1 /* Photos.swift */ = {isa = PBXFileReference; lastKnownFileType = sourcecode.swift; path = Photos.swift; sourceTree = "<group>"; };
		2699D2052CDFF575005E32B1 /* Webservice.swift */ = {isa = PBXFileReference; lastKnownFileType = sourcecode.swift; path = Webservice.swift; sourceTree = "<group>"; };
		2699D2072CDFF781005E32B1 /* Constants.swift */ = {isa = PBXFileReference; lastKnownFileType = sourcecode.swift; path = Constants.swift; sourceTree = "<group>"; };
		2699D2092CDFF844005E32B1 /* PhotosViewModel.swift */ = {isa = PBXFileReference; lastKnownFileType = sourcecode.swift; path = PhotosViewModel.swift; sourceTree = "<group>"; };
		2699D20B2CDFFE13005E32B1 /* photos.json */ = {isa = PBXFileReference; lastKnownFileType = text.json; path = photos.json; sourceTree = "<group>"; };
		2699D20D2CDFFE5D005E32B1 /* Localservice.swift */ = {isa = PBXFileReference; lastKnownFileType = sourcecode.swift; path = Localservice.swift; sourceTree = "<group>"; };
		2699D20F2CDFFF2C005E32B1 /* NetworkService.swift */ = {isa = PBXFileReference; lastKnownFileType = sourcecode.swift; path = NetworkService.swift; sourceTree = "<group>"; };
/* End PBXFileReference section */

/* Begin PBXFrameworksBuildPhase section */
		2699D1E02CDFF3F6005E32B1 /* Frameworks */ = {
			isa = PBXFrameworksBuildPhase;
			buildActionMask = 2147483647;
			files = (
			);
			runOnlyForDeploymentPostprocessing = 0;
		};
/* End PBXFrameworksBuildPhase section */

/* Begin PBXGroup section */
		2699D1DA2CDFF3F6005E32B1 = {
			isa = PBXGroup;
			children = (
				2699D1F92CDFF40A005E32B1 /* SwiftUI_PhotosAPI_MVVM_Protocols_Network Interchange */,
				2699D1E42CDFF3F6005E32B1 /* Products */,
			);
			sourceTree = "<group>";
		};
		2699D1E42CDFF3F6005E32B1 /* Products */ = {
			isa = PBXGroup;
			children = (
				2699D1E32CDFF3F6005E32B1 /* SwiftUI_PhotosAPI_MVVM_Protocols_Network Interchange.app */,
			);
			name = Products;
			sourceTree = "<group>";
		};
		2699D1F52CDFF40A005E32B1 /* Preview Content */ = {
			isa = PBXGroup;
			children = (
				2699D1F42CDFF40A005E32B1 /* Preview Assets.xcassets */,
			);
			path = "Preview Content";
			sourceTree = "<group>";
		};
		2699D1F92CDFF40A005E32B1 /* SwiftUI_PhotosAPI_MVVM_Protocols_Network Interchange */ = {
			isa = PBXGroup;
			children = (
				2699D20B2CDFFE13005E32B1 /* photos.json */,
				2699D2042CDFF531005E32B1 /* Constants */,
				2699D2012CDFF426005E32B1 /* Service */,
				2699D2002CDFF41D005E32B1 /* Model */,
				2699D1FF2CDFF415005E32B1 /* ViewModel */,
				2699D1FE2CDFF40F005E32B1 /* View */,
				2699D1F52CDFF40A005E32B1 /* Preview Content */,
				2699D1F62CDFF40A005E32B1 /* Assets.xcassets */,
				2699D1F82CDFF40A005E32B1 /* SwiftUI_PhotosAPI_MVVM_Protocols_Network_InterchangeApp.swift */,
			);
			path = "SwiftUI_PhotosAPI_MVVM_Protocols_Network Interchange";
			sourceTree = "<group>";
		};
		2699D1FE2CDFF40F005E32B1 /* View */ = {
			isa = PBXGroup;
			children = (
				2699D1F72CDFF40A005E32B1 /* MainView.swift */,
			);
			path = View;
			sourceTree = "<group>";
		};
		2699D1FF2CDFF415005E32B1 /* ViewModel */ = {
			isa = PBXGroup;
			children = (
				2699D2092CDFF844005E32B1 /* PhotosViewModel.swift */,
			);
			path = ViewModel;
			sourceTree = "<group>";
		};
		2699D2002CDFF41D005E32B1 /* Model */ = {
			isa = PBXGroup;
			children = (
				2699D2022CDFF4DE005E32B1 /* Photos.swift */,
			);
			path = Model;
			sourceTree = "<group>";
		};
		2699D2012CDFF426005E32B1 /* Service */ = {
			isa = PBXGroup;
			children = (
				2699D2052CDFF575005E32B1 /* Webservice.swift */,
				2699D20D2CDFFE5D005E32B1 /* Localservice.swift */,
				2699D20F2CDFFF2C005E32B1 /* NetworkService.swift */,
			);
			path = Service;
			sourceTree = "<group>";
		};
		2699D2042CDFF531005E32B1 /* Constants */ = {
			isa = PBXGroup;
			children = (
				2699D2072CDFF781005E32B1 /* Constants.swift */,
			);
			path = Constants;
			sourceTree = "<group>";
		};
/* End PBXGroup section */

/* Begin PBXNativeTarget section */
		2699D1E22CDFF3F6005E32B1 /* SwiftUI_PhotosAPI_MVVM_Protocols_Network Interchange */ = {
			isa = PBXNativeTarget;
			buildConfigurationList = 2699D1F12CDFF3F7005E32B1 /* Build configuration list for PBXNativeTarget "SwiftUI_PhotosAPI_MVVM_Protocols_Network Interchange" */;
			buildPhases = (
				2699D1DF2CDFF3F6005E32B1 /* Sources */,
				2699D1E02CDFF3F6005E32B1 /* Frameworks */,
				2699D1E12CDFF3F6005E32B1 /* Resources */,
			);
			buildRules = (
			);
			dependencies = (
			);
			name = "SwiftUI_PhotosAPI_MVVM_Protocols_Network Interchange";
			packageProductDependencies = (
			);
			productName = "SwiftUI_PhotosAPI_MVVM_Protocols_Network Interchange";
			productReference = 2699D1E32CDFF3F6005E32B1 /* SwiftUI_PhotosAPI_MVVM_Protocols_Network Interchange.app */;
			productType = "com.apple.product-type.application";
		};
/* End PBXNativeTarget section */

/* Begin PBXProject section */
		2699D1DB2CDFF3F6005E32B1 /* Project object */ = {
			isa = PBXProject;
			attributes = {
				BuildIndependentTargetsInParallel = 1;
				LastSwiftUpdateCheck = 1600;
				LastUpgradeCheck = 1600;
				TargetAttributes = {
					2699D1E22CDFF3F6005E32B1 = {
						CreatedOnToolsVersion = 16.0;
					};
				};
			};
			buildConfigurationList = 2699D1DE2CDFF3F6005E32B1 /* Build configuration list for PBXProject "SwiftUI_PhotosAPI_MVVM_Protocols_Network Interchange" */;
			developmentRegion = en;
			hasScannedForEncodings = 0;
			knownRegions = (
				en,
				Base,
			);
			mainGroup = 2699D1DA2CDFF3F6005E32B1;
			minimizedProjectReferenceProxies = 1;
			preferredProjectObjectVersion = 77;
			productRefGroup = 2699D1E42CDFF3F6005E32B1 /* Products */;
			projectDirPath = "";
			projectRoot = "";
			targets = (
				2699D1E22CDFF3F6005E32B1 /* SwiftUI_PhotosAPI_MVVM_Protocols_Network Interchange */,
			);
		};
/* End PBXProject section */

/* Begin PBXResourcesBuildPhase section */
		2699D1E12CDFF3F6005E32B1 /* Resources */ = {
			isa = PBXResourcesBuildPhase;
			buildActionMask = 2147483647;
			files = (
				2699D20C2CDFFE13005E32B1 /* photos.json in Resources */,
				2699D1FA2CDFF40A005E32B1 /* Preview Assets.xcassets in Resources */,
				2699D1FB2CDFF40A005E32B1 /* Assets.xcassets in Resources */,
			);
			runOnlyForDeploymentPostprocessing = 0;
		};
/* End PBXResourcesBuildPhase section */

/* Begin PBXSourcesBuildPhase section */
		2699D1DF2CDFF3F6005E32B1 /* Sources */ = {
			isa = PBXSourcesBuildPhase;
			buildActionMask = 2147483647;
			files = (
				2699D20E2CDFFE5D005E32B1 /* Localservice.swift in Sources */,
				2699D2082CDFF781005E32B1 /* Constants.swift in Sources */,
				2699D2102CDFFF2C005E32B1 /* NetworkService.swift in Sources */,
				2699D2032CDFF4DE005E32B1 /* Photos.swift in Sources */,
				2699D1FC2CDFF40A005E32B1 /* MainView.swift in Sources */,
				2699D20A2CDFF844005E32B1 /* PhotosViewModel.swift in Sources */,
				2699D2062CDFF575005E32B1 /* Webservice.swift in Sources */,
				2699D1FD2CDFF40A005E32B1 /* SwiftUI_PhotosAPI_MVVM_Protocols_Network_InterchangeApp.swift in Sources */,
			);
			runOnlyForDeploymentPostprocessing = 0;
		};
/* End PBXSourcesBuildPhase section */

/* Begin XCBuildConfiguration section */
		2699D1EF2CDFF3F7005E32B1 /* Debug */ = {
			isa = XCBuildConfiguration;
			buildSettings = {
				ALWAYS_SEARCH_USER_PATHS = NO;
				ASSETCATALOG_COMPILER_GENERATE_SWIFT_ASSET_SYMBOL_EXTENSIONS = YES;
				CLANG_ANALYZER_NONNULL = YES;
				CLANG_ANALYZER_NUMBER_OBJECT_CONVERSION = YES_AGGRESSIVE;
				CLANG_CXX_LANGUAGE_STANDARD = "gnu++20";
				CLANG_ENABLE_MODULES = YES;
				CLANG_ENABLE_OBJC_ARC = YES;
				CLANG_ENABLE_OBJC_WEAK = YES;
				CLANG_WARN_BLOCK_CAPTURE_AUTORELEASING = YES;
				CLANG_WARN_BOOL_CONVERSION = YES;
				CLANG_WARN_COMMA = YES;
				CLANG_WARN_CONSTANT_CONVERSION = YES;
				CLANG_WARN_DEPRECATED_OBJC_IMPLEMENTATIONS = YES;
				CLANG_WARN_DIRECT_OBJC_ISA_USAGE = YES_ERROR;
				CLANG_WARN_DOCUMENTATION_COMMENTS = YES;
				CLANG_WARN_EMPTY_BODY = YES;
				CLANG_WARN_ENUM_CONVERSION = YES;
				CLANG_WARN_INFINITE_RECURSION = YES;
				CLANG_WARN_INT_CONVERSION = YES;
				CLANG_WARN_NON_LITERAL_NULL_CONVERSION = YES;
				CLANG_WARN_OBJC_IMPLICIT_RETAIN_SELF = YES;
				CLANG_WARN_OBJC_LITERAL_CONVERSION = YES;
				CLANG_WARN_OBJC_ROOT_CLASS = YES_ERROR;
				CLANG_WARN_QUOTED_INCLUDE_IN_FRAMEWORK_HEADER = YES;
				CLANG_WARN_RANGE_LOOP_ANALYSIS = YES;
				CLANG_WARN_STRICT_PROTOTYPES = YES;
				CLANG_WARN_SUSPICIOUS_MOVE = YES;
				CLANG_WARN_UNGUARDED_AVAILABILITY = YES_AGGRESSIVE;
				CLANG_WARN_UNREACHABLE_CODE = YES;
				CLANG_WARN__DUPLICATE_METHOD_MATCH = YES;
				COPY_PHASE_STRIP = NO;
				DEBUG_INFORMATION_FORMAT = dwarf;
				ENABLE_STRICT_OBJC_MSGSEND = YES;
				ENABLE_TESTABILITY = YES;
				ENABLE_USER_SCRIPT_SANDBOXING = YES;
				GCC_C_LANGUAGE_STANDARD = gnu17;
				GCC_DYNAMIC_NO_PIC = NO;
				GCC_NO_COMMON_BLOCKS = YES;
				GCC_OPTIMIZATION_LEVEL = 0;
				GCC_PREPROCESSOR_DEFINITIONS = (
					"DEBUG=1",
					"$(inherited)",
				);
				GCC_WARN_64_TO_32_BIT_CONVERSION = YES;
				GCC_WARN_ABOUT_RETURN_TYPE = YES_ERROR;
				GCC_WARN_UNDECLARED_SELECTOR = YES;
				GCC_WARN_UNINITIALIZED_AUTOS = YES_AGGRESSIVE;
				GCC_WARN_UNUSED_FUNCTION = YES;
				GCC_WARN_UNUSED_VARIABLE = YES;
				IPHONEOS_DEPLOYMENT_TARGET = 18.0;
				LOCALIZATION_PREFERS_STRING_CATALOGS = YES;
				MTL_ENABLE_DEBUG_INFO = INCLUDE_SOURCE;
				MTL_FAST_MATH = YES;
				ONLY_ACTIVE_ARCH = YES;
				SDKROOT = iphoneos;
				SWIFT_ACTIVE_COMPILATION_CONDITIONS = "DEBUG $(inherited)";
				SWIFT_OPTIMIZATION_LEVEL = "-Onone";
			};
			name = Debug;
		};
		2699D1F02CDFF3F7005E32B1 /* Release */ = {
			isa = XCBuildConfiguration;
			buildSettings = {
				ALWAYS_SEARCH_USER_PATHS = NO;
				ASSETCATALOG_COMPILER_GENERATE_SWIFT_ASSET_SYMBOL_EXTENSIONS = YES;
				CLANG_ANALYZER_NONNULL = YES;
				CLANG_ANALYZER_NUMBER_OBJECT_CONVERSION = YES_AGGRESSIVE;
				CLANG_CXX_LANGUAGE_STANDARD = "gnu++20";
				CLANG_ENABLE_MODULES = YES;
				CLANG_ENABLE_OBJC_ARC = YES;
				CLANG_ENABLE_OBJC_WEAK = YES;
				CLANG_WARN_BLOCK_CAPTURE_AUTORELEASING = YES;
				CLANG_WARN_BOOL_CONVERSION = YES;
				CLANG_WARN_COMMA = YES;
				CLANG_WARN_CONSTANT_CONVERSION = YES;
				CLANG_WARN_DEPRECATED_OBJC_IMPLEMENTATIONS = YES;
				CLANG_WARN_DIRECT_OBJC_ISA_USAGE = YES_ERROR;
				CLANG_WARN_DOCUMENTATION_COMMENTS = YES;
				CLANG_WARN_EMPTY_BODY = YES;
				CLANG_WARN_ENUM_CONVERSION = YES;
				CLANG_WARN_INFINITE_RECURSION = YES;
				CLANG_WARN_INT_CONVERSION = YES;
				CLANG_WARN_NON_LITERAL_NULL_CONVERSION = YES;
				CLANG_WARN_OBJC_IMPLICIT_RETAIN_SELF = YES;
				CLANG_WARN_OBJC_LITERAL_CONVERSION = YES;
				CLANG_WARN_OBJC_ROOT_CLASS = YES_ERROR;
				CLANG_WARN_QUOTED_INCLUDE_IN_FRAMEWORK_HEADER = YES;
				CLANG_WARN_RANGE_LOOP_ANALYSIS = YES;
				CLANG_WARN_STRICT_PROTOTYPES = YES;
				CLANG_WARN_SUSPICIOUS_MOVE = YES;
				CLANG_WARN_UNGUARDED_AVAILABILITY = YES_AGGRESSIVE;
				CLANG_WARN_UNREACHABLE_CODE = YES;
				CLANG_WARN__DUPLICATE_METHOD_MATCH = YES;
				COPY_PHASE_STRIP = NO;
				DEBUG_INFORMATION_FORMAT = "dwarf-with-dsym";
				ENABLE_NS_ASSERTIONS = NO;
				ENABLE_STRICT_OBJC_MSGSEND = YES;
				ENABLE_USER_SCRIPT_SANDBOXING = YES;
				GCC_C_LANGUAGE_STANDARD = gnu17;
				GCC_NO_COMMON_BLOCKS = YES;
				GCC_WARN_64_TO_32_BIT_CONVERSION = YES;
				GCC_WARN_ABOUT_RETURN_TYPE = YES_ERROR;
				GCC_WARN_UNDECLARED_SELECTOR = YES;
				GCC_WARN_UNINITIALIZED_AUTOS = YES_AGGRESSIVE;
				GCC_WARN_UNUSED_FUNCTION = YES;
				GCC_WARN_UNUSED_VARIABLE = YES;
				IPHONEOS_DEPLOYMENT_TARGET = 18.0;
				LOCALIZATION_PREFERS_STRING_CATALOGS = YES;
				MTL_ENABLE_DEBUG_INFO = NO;
				MTL_FAST_MATH = YES;
				SDKROOT = iphoneos;
				SWIFT_COMPILATION_MODE = wholemodule;
				VALIDATE_PRODUCT = YES;
			};
			name = Release;
		};
		2699D1F22CDFF3F7005E32B1 /* Debug */ = {
			isa = XCBuildConfiguration;
			buildSettings = {
				ASSETCATALOG_COMPILER_APPICON_NAME = AppIcon;
				ASSETCATALOG_COMPILER_GLOBAL_ACCENT_COLOR_NAME = AccentColor;
				CODE_SIGN_STYLE = Automatic;
				CURRENT_PROJECT_VERSION = 1;
				DEVELOPMENT_ASSET_PATHS = "\"SwiftUI_PhotosAPI_MVVM_Protocols_Network Interchange/Preview Content\"";
				DEVELOPMENT_TEAM = 5SALT5UTL2;
				ENABLE_PREVIEWS = YES;
				GENERATE_INFOPLIST_FILE = YES;
				INFOPLIST_KEY_UIApplicationSceneManifest_Generation = YES;
				INFOPLIST_KEY_UIApplicationSupportsIndirectInputEvents = YES;
				INFOPLIST_KEY_UILaunchScreen_Generation = YES;
				INFOPLIST_KEY_UISupportedInterfaceOrientations_iPad = "UIInterfaceOrientationPortrait UIInterfaceOrientationPortraitUpsideDown UIInterfaceOrientationLandscapeLeft UIInterfaceOrientationLandscapeRight";
				INFOPLIST_KEY_UISupportedInterfaceOrientations_iPhone = "UIInterfaceOrientationPortrait UIInterfaceOrientationLandscapeLeft UIInterfaceOrientationLandscapeRight";
				LD_RUNPATH_SEARCH_PATHS = (
					"$(inherited)",
					"@executable_path/Frameworks",
				);
				MARKETING_VERSION = 1.0;
				PRODUCT_BUNDLE_IDENTIFIER = "com.erenelci.SwiftUI-PhotosAPI-MVVM-Protocols-Network-Interchange";
				PRODUCT_NAME = "$(TARGET_NAME)";
				SWIFT_EMIT_LOC_STRINGS = YES;
				SWIFT_VERSION = 5.0;
				TARGETED_DEVICE_FAMILY = "1,2";
			};
			name = Debug;
		};
		2699D1F32CDFF3F7005E32B1 /* Release */ = {
			isa = XCBuildConfiguration;
			buildSettings = {
				ASSETCATALOG_COMPILER_APPICON_NAME = AppIcon;
				ASSETCATALOG_COMPILER_GLOBAL_ACCENT_COLOR_NAME = AccentColor;
				CODE_SIGN_STYLE = Automatic;
				CURRENT_PROJECT_VERSION = 1;
				DEVELOPMENT_ASSET_PATHS = "\"SwiftUI_PhotosAPI_MVVM_Protocols_Network Interchange/Preview Content\"";
				DEVELOPMENT_TEAM = 5SALT5UTL2;
				ENABLE_PREVIEWS = YES;
				GENERATE_INFOPLIST_FILE = YES;
				INFOPLIST_KEY_UIApplicationSceneManifest_Generation = YES;
				INFOPLIST_KEY_UIApplicationSupportsIndirectInputEvents = YES;
				INFOPLIST_KEY_UILaunchScreen_Generation = YES;
				INFOPLIST_KEY_UISupportedInterfaceOrientations_iPad = "UIInterfaceOrientationPortrait UIInterfaceOrientationPortraitUpsideDown UIInterfaceOrientationLandscapeLeft UIInterfaceOrientationLandscapeRight";
				INFOPLIST_KEY_UISupportedInterfaceOrientations_iPhone = "UIInterfaceOrientationPortrait UIInterfaceOrientationLandscapeLeft UIInterfaceOrientationLandscapeRight";
				LD_RUNPATH_SEARCH_PATHS = (
					"$(inherited)",
					"@executable_path/Frameworks",
				);
				MARKETING_VERSION = 1.0;
				PRODUCT_BUNDLE_IDENTIFIER = "com.erenelci.SwiftUI-PhotosAPI-MVVM-Protocols-Network-Interchange";
				PRODUCT_NAME = "$(TARGET_NAME)";
				SWIFT_EMIT_LOC_STRINGS = YES;
				SWIFT_VERSION = 5.0;
				TARGETED_DEVICE_FAMILY = "1,2";
			};
			name = Release;
		};
/* End XCBuildConfiguration section */

/* Begin XCConfigurationList section */
		2699D1DE2CDFF3F6005E32B1 /* Build configuration list for PBXProject "SwiftUI_PhotosAPI_MVVM_Protocols_Network Interchange" */ = {
			isa = XCConfigurationList;
			buildConfigurations = (
				2699D1EF2CDFF3F7005E32B1 /* Debug */,
				2699D1F02CDFF3F7005E32B1 /* Release */,
			);
			defaultConfigurationIsVisible = 0;
			defaultConfigurationName = Release;
		};
		2699D1F12CDFF3F7005E32B1 /* Build configuration list for PBXNativeTarget "SwiftUI_PhotosAPI_MVVM_Protocols_Network Interchange" */ = {
			isa = XCConfigurationList;
			buildConfigurations = (
				2699D1F22CDFF3F7005E32B1 /* Debug */,
				2699D1F32CDFF3F7005E32B1 /* Release */,
			);
			defaultConfigurationIsVisible = 0;
			defaultConfigurationName = Release;
		};
/* End XCConfigurationList section */
	};
	rootObject = 2699D1DB2CDFF3F6005E32B1 /* Project object */;
}
